
Microsoft Visual Studio Solution File, Format Version 12.00
# Visual Studio 15
VisualStudioVersion = 15.0.27130.2027
MinimumVisualStudioVersion = 10.0.40219.1
Project("{9A19103F-16F7-4668-BE54-9A1E7A4F7556}") = "SimpleNetCoreApi", "SimpleNetCoreApi\SimpleNetCoreApi.csproj", "{432F4754-7FC0-426A-B669-851BD5EFA8BF}"
EndProject
Global
	GlobalSection(SolutionConfigurationPlatforms) = preSolution
		Debug|Any CPU = Debug|Any CPU
		Release|Any CPU = Release|Any CPU
	EndGlobalSection
	GlobalSection(ProjectConfigurationPlatforms) = postSolution
		{432F4754-7FC0-426A-B669-851BD5EFA8BF}.Debug|Any CPU.ActiveCfg = Debug|Any CPU
		{432F4754-7FC0-426A-B669-851BD5EFA8BF}.Debug|Any CPU.Build.0 = Debug|Any CPU
		{432F4754-7FC0-426A-B669-851BD5EFA8BF}.Release|Any CPU.ActiveCfg = Release|Any CPU
		{432F4754-7FC0-426A-B669-851BD5EFA8BF}.Release|Any CPU.Build.0 = Release|Any CPU
	EndGlobalSection
	GlobalSection(SolutionProperties) = preSolution
		HideSolutionNode = FALSE
	EndGlobalSection
	GlobalSection(ExtensibilityGlobals) = postSolution
		SolutionGuid = {1DF8740E-460B-47DF-A996-8E661394BEBE}
	EndGlobalSection
EndGlobal
